
Microsoft Visual Studio Solution File, Format Version 12.00
# Visual Studio Version 16
VisualStudioVersion = 16.0.29306.81
MinimumVisualStudioVersion = 10.0.40219.1
Project("{9A19103F-16F7-4668-BE54-9A1E7A4F7556}") = "vwcom", "vwcom.csproj", "{4AD39BE6-63D1-402B-9315-EE2E17C55976}"
EndProject
Global
	GlobalSection(SolutionConfigurationPlatforms) = preSolution
		Debug|Any CPU = Debug|Any CPU
		Release|Any CPU = Release|Any CPU
	EndGlobalSection
	GlobalSection(ProjectConfigurationPlatforms) = postSolution
		{4AD39BE6-63D1-402B-9315-EE2E17C55976}.Debug|Any CPU.ActiveCfg = Debug|Any CPU
		{4AD39BE6-63D1-402B-9315-EE2E17C55976}.Debug|Any CPU.Build.0 = Debug|Any CPU
		{4AD39BE6-63D1-402B-9315-EE2E17C55976}.Release|Any CPU.ActiveCfg = Debug|Any CPU
		{4AD39BE6-63D1-402B-9315-EE2E17C55976}.Release|Any CPU.Build.0 = Debug|Any CPU
	EndGlobalSection
	GlobalSection(SolutionProperties) = preSolution
		HideSolutionNode = FALSE
	EndGlobalSection
	GlobalSection(ExtensibilityGlobals) = postSolution
		SolutionGuid = {3B69BAC8-9FC5-4484-96DE-3019A0C0A3C3}
	EndGlobalSection
EndGlobal
